// !$*UTF8*$!
{
	archiveVersion = 1;
	classes = {
	};
	objectVersion = 46;
	objects = {

/* Begin PBXBuildFile section */
		C63F2C431E4ECBAE000476BA /* AppDelegate.swift in Sources */ = {isa = PBXBuildFile; fileRef = C63F2C421E4ECBAE000476BA /* AppDelegate.swift */; };
		C63F2C451E4ECBAE000476BA /* ViewController.swift in Sources */ = {isa = PBXBuildFile; fileRef = C63F2C441E4ECBAE000476BA /* ViewController.swift */; };
		C63F2C481E4ECBAE000476BA /* Main.storyboard in Resources */ = {isa = PBXBuildFile; fileRef = C63F2C461E4ECBAE000476BA /* Main.storyboard */; };
		C63F2C4A1E4ECBAE000476BA /* Assets.xcassets in Resources */ = {isa = PBXBuildFile; fileRef = C63F2C491E4ECBAE000476BA /* Assets.xcassets */; };
		C63F2C4D1E4ECBAE000476BA /* LaunchScreen.storyboard in Resources */ = {isa = PBXBuildFile; fileRef = C63F2C4B1E4ECBAE000476BA /* LaunchScreen.storyboard */; };
/* End PBXBuildFile section */

/* Begin PBXFileReference section */
		C63F2C3F1E4ECBAE000476BA /* Emoji Dictionary Udemy App 4.app */ = {isa = PBXFileReference; explicitFileType = wrapper.application; includeInIndex = 0; path = "Emoji Dictionary Udemy App 4.app"; sourceTree = BUILT_PRODUCTS_DIR; };
		C63F2C421E4ECBAE000476BA /* AppDelegate.swift */ = {isa = PBXFileReference; lastKnownFileType = sourcecode.swift; path = AppDelegate.swift; sourceTree = "<group>"; };
		C63F2C441E4ECBAE000476BA /* ViewController.swift */ = {isa = PBXFileReference; lastKnownFileType = sourcecode.swift; path = ViewController.swift; sourceTree = "<group>"; };
		C63F2C471E4ECBAE000476BA /* Base */ = {isa = PBXFileReference; lastKnownFileType = file.storyboard; name = Base; path = Base.lproj/Main.storyboard; sourceTree = "<group>"; };
		C63F2C491E4ECBAE000476BA /* Assets.xcassets */ = {isa = PBXFileReference; lastKnownFileType = folder.assetcatalog; path = Assets.xcassets; sourceTree = "<group>"; };
		C63F2C4C1E4ECBAE000476BA /* Base */ = {isa = PBXFileReference; lastKnownFileType = file.storyboard; name = Base; path = Base.lproj/LaunchScreen.storyboard; sourceTree = "<group>"; };
		C63F2C4E1E4ECBAE000476BA /* Info.plist */ = {isa = PBXFileReference; lastKnownFileType = text.plist.xml; path = Info.plist; sourceTree = "<group>"; };
/* End PBXFileReference section */

/* Begin PBXFrameworksBuildPhase section */
		C63F2C3C1E4ECBAE000476BA /* Frameworks */ = {
			isa = PBXFrameworksBuildPhase;
			buildActionMask = 2147483647;
			files = (
			);
			runOnlyForDeploymentPostprocessing = 0;
		};
/* End PBXFrameworksBuildPhase section */

/* Begin PBXGroup section */
		C63F2C361E4ECBAE000476BA = {
			isa = PBXGroup;
			children = (
				C63F2C411E4ECBAE000476BA /* Emoji Dictionary Udemy App 4 */,
				C63F2C401E4ECBAE000476BA /* Products */,
			);
			sourceTree = "<group>";
		};
		C63F2C401E4ECBAE000476BA /* Products */ = {
			isa = PBXGroup;
			children = (
				C63F2C3F1E4ECBAE000476BA /* Emoji Dictionary Udemy App 4.app */,
			);
			name = Products;
			sourceTree = "<group>";
		};
		C63F2C411E4ECBAE000476BA /* Emoji Dictionary Udemy App 4 */ = {
			isa = PBXGroup;
			children = (
				C63F2C421E4ECBAE000476BA /* AppDelegate.swift */,
				C63F2C441E4ECBAE000476BA /* ViewController.swift */,
				C63F2C461E4ECBAE000476BA /* Main.storyboard */,
				C63F2C491E4ECBAE000476BA /* Assets.xcassets */,
				C63F2C4B1E4ECBAE000476BA /* LaunchScreen.storyboard */,
				C63F2C4E1E4ECBAE000476BA /* Info.plist */,
			);
			path = "Emoji Dictionary Udemy App 4";
			sourceTree = "<group>";
		};
/* End PBXGroup section */

/* Begin PBXNativeTarget section */
		C63F2C3E1E4ECBAE000476BA /* Emoji Dictionary Udemy App 4 */ = {
			isa = PBXNativeTarget;
			buildConfigurationList = C63F2C511E4ECBAE000476BA /* Build configuration list for PBXNativeTarget "Emoji Dictionary Udemy App 4" */;
			buildPhases = (
				C63F2C3B1E4ECBAE000476BA /* Sources */,
				C63F2C3C1E4ECBAE000476BA /* Frameworks */,
				C63F2C3D1E4ECBAE000476BA /* Resources */,
			);
			buildRules = (
			);
			dependencies = (
			);
			name = "Emoji Dictionary Udemy App 4";
			productName = "Emoji Dictionary Udemy App 4";
			productReference = C63F2C3F1E4ECBAE000476BA /* Emoji Dictionary Udemy App 4.app */;
			productType = "com.apple.product-type.application";
		};
/* End PBXNativeTarget section */

/* Begin PBXProject section */
		C63F2C371E4ECBAE000476BA /* Project object */ = {
			isa = PBXProject;
			attributes = {
				LastSwiftUpdateCheck = 0820;
				LastUpgradeCheck = 0820;
				ORGANIZATIONNAME = "Jake Wojtas";
				TargetAttributes = {
					C63F2C3E1E4ECBAE000476BA = {
						CreatedOnToolsVersion = 8.2.1;
						ProvisioningStyle = Automatic;
					};
				};
			};
			buildConfigurationList = C63F2C3A1E4ECBAE000476BA /* Build configuration list for PBXProject "Emoji Dictionary Udemy App 4" */;
			compatibilityVersion = "Xcode 3.2";
			developmentRegion = English;
			hasScannedForEncodings = 0;
			knownRegions = (
				en,
				Base,
			);
			mainGroup = C63F2C361E4ECBAE000476BA;
			productRefGroup = C63F2C401E4ECBAE000476BA /* Products */;
			projectDirPath = "";
			projectRoot = "";
			targets = (
				C63F2C3E1E4ECBAE000476BA /* Emoji Dictionary Udemy App 4 */,
			);
		};
/* End PBXProject section */

/* Begin PBXResourcesBuildPhase section */
		C63F2C3D1E4ECBAE000476BA /* Resources */ = {
			isa = PBXResourcesBuildPhase;
			buildActionMask = 2147483647;
			files = (
				C63F2C4D1E4ECBAE000476BA /* LaunchScreen.storyboard in Resources */,
				C63F2C4A1E4ECBAE000476BA /* Assets.xcassets in Resources */,
				C63F2C481E4ECBAE000476BA /* Main.storyboard in Resources */,
			);
			runOnlyForDeploymentPostprocessing = 0;
		};
/* End PBXResourcesBuildPhase section */

/* Begin PBXSourcesBuildPhase section */
		C63F2C3B1E4ECBAE000476BA /* Sources */ = {
			isa = PBXSourcesBuildPhase;
			buildActionMask = 2147483647;
			files = (
				C63F2C451E4ECBAE000476BA /* ViewController.swift in Sources */,
				C63F2C431E4ECBAE000476BA /* AppDelegate.swift in Sources */,
			);
			runOnlyForDeploymentPostprocessing = 0;
		};
/* End PBXSourcesBuildPhase section */

/* Begin PBXVariantGroup section */
		C63F2C461E4ECBAE000476BA /* Main.storyboard */ = {
			isa = PBXVariantGroup;
			children = (
				C63F2C471E4ECBAE000476BA /* Base */,
			);
			name = Main.storyboard;
			sourceTree = "<group>";
		};
		C63F2C4B1E4ECBAE000476BA /* LaunchScreen.storyboard */ = {
			isa = PBXVariantGroup;
			children = (
				C63F2C4C1E4ECBAE000476BA /* Base */,
			);
			name = LaunchScreen.storyboard;
			sourceTree = "<group>";
		};
/* End PBXVariantGroup section */

/* Begin XCBuildConfiguration section */
		C63F2C4F1E4ECBAE000476BA /* Debug */ = {
			isa = XCBuildConfiguration;
			buildSettings = {
				ALWAYS_SEARCH_USER_PATHS = NO;
				CLANG_ANALYZER_NONNULL = YES;
				CLANG_CXX_LANGUAGE_STANDARD = "gnu++0x";
				CLANG_CXX_LIBRARY = "libc++";
				CLANG_ENABLE_MODULES = YES;
				CLANG_ENABLE_OBJC_ARC = YES;
				CLANG_WARN_BOOL_CONVERSION = YES;
				CLANG_WARN_CONSTANT_CONVERSION = YES;
				CLANG_WARN_DIRECT_OBJC_ISA_USAGE = YES_ERROR;
				CLANG_WARN_DOCUMENTATION_COMMENTS = YES;
				CLANG_WARN_EMPTY_BODY = YES;
				CLANG_WARN_ENUM_CONVERSION = YES;
				CLANG_WARN_INFINITE_RECURSION = YES;
				CLANG_WARN_INT_CONVERSION = YES;
				CLANG_WARN_OBJC_ROOT_CLASS = YES_ERROR;
				CLANG_WARN_SUSPICIOUS_MOVE = YES;
				CLANG_WARN_UNREACHABLE_CODE = YES;
				CLANG_WARN__DUPLICATE_METHOD_MATCH = YES;
				"CODE_SIGN_IDENTITY[sdk=iphoneos*]" = "iPhone Developer";
				COPY_PHASE_STRIP = NO;
				DEBUG_INFORMATION_FORMAT = dwarf;
				ENABLE_STRICT_OBJC_MSGSEND = YES;
				ENABLE_TESTABILITY = YES;
				GCC_C_LANGUAGE_STANDARD = gnu99;
				GCC_DYNAMIC_NO_PIC = NO;
				GCC_NO_COMMON_BLOCKS = YES;
				GCC_OPTIMIZATION_LEVEL = 0;
				GCC_PREPROCESSOR_DEFINITIONS = (
					"DEBUG=1",
					"$(inherited)",
				);
				GCC_WARN_64_TO_32_BIT_CONVERSION = YES;
				GCC_WARN_ABOUT_RETURN_TYPE = YES_ERROR;
				GCC_WARN_UNDECLARED_SELECTOR = YES;
				GCC_WARN_UNINITIALIZED_AUTOS = YES_AGGRESSIVE;
				GCC_WARN_UNUSED_FUNCTION = YES;
				GCC_WARN_UNUSED_VARIABLE = YES;
				IPHONEOS_DEPLOYMENT_TARGET = 10.2;
				MTL_ENABLE_DEBUG_INFO = YES;
				ONLY_ACTIVE_ARCH = YES;
				SDKROOT = iphoneos;
				SWIFT_ACTIVE_COMPILATION_CONDITIONS = DEBUG;
				SWIFT_OPTIMIZATION_LEVEL = "-Onone";
				TARGETED_DEVICE_FAMILY = "1,2";
			};
			name = Debug;
		};
		C63F2C501E4ECBAE000476BA /* Release */ = {
			isa = XCBuildConfiguration;
			buildSettings = {
				ALWAYS_SEARCH_USER_PATHS = NO;
				CLANG_ANALYZER_NONNULL = YES;
				CLANG_CXX_LANGUAGE_STANDARD = "gnu++0x";
				CLANG_CXX_LIBRARY = "libc++";
				CLANG_ENABLE_MODULES = YES;
				CLANG_ENABLE_OBJC_ARC = YES;
				CLANG_WARN_BOOL_CONVERSION = YES;
				CLANG_WARN_CONSTANT_CONVERSION = YES;
				CLANG_WARN_DIRECT_OBJC_ISA_USAGE = YES_ERROR;
				CLANG_WARN_DOCUMENTATION_COMMENTS = YES;
				CLANG_WARN_EMPTY_BODY = YES;
				CLANG_WARN_ENUM_CONVERSION = YES;
				CLANG_WARN_INFINITE_RECURSION = YES;
				CLANG_WARN_INT_CONVERSION = YES;
				CLANG_WARN_OBJC_ROOT_CLASS = YES_ERROR;
				CLANG_WARN_SUSPICIOUS_MOVE = YES;
				CLANG_WARN_UNREACHABLE_CODE = YES;
				CLANG_WARN__DUPLICATE_METHOD_MATCH = YES;
				"CODE_SIGN_IDENTITY[sdk=iphoneos*]" = "iPhone Developer";
				COPY_PHASE_STRIP = NO;
				DEBUG_INFORMATION_FORMAT = "dwarf-with-dsym";
				ENABLE_NS_ASSERTIONS = NO;
				ENABLE_STRICT_OBJC_MSGSEND = YES;
				GCC_C_LANGUAGE_STANDARD = gnu99;
				GCC_NO_COMMON_BLOCKS = YES;
				GCC_WARN_64_TO_32_BIT_CONVERSION = YES;
				GCC_WARN_ABOUT_RETURN_TYPE = YES_ERROR;
				GCC_WARN_UNDECLARED_SELECTOR = YES;
				GCC_WARN_UNINITIALIZED_AUTOS = YES_AGGRESSIVE;
				GCC_WARN_UNUSED_FUNCTION = YES;
				GCC_WARN_UNUSED_VARIABLE = YES;
				IPHONEOS_DEPLOYMENT_TARGET = 10.2;
				MTL_ENABLE_DEBUG_INFO = NO;
				SDKROOT = iphoneos;
				SWIFT_OPTIMIZATION_LEVEL = "-Owholemodule";
				TARGETED_DEVICE_FAMILY = "1,2";
				VALIDATE_PRODUCT = YES;
			};
			name = Release;
		};
		C63F2C521E4ECBAE000476BA /* Debug */ = {
			isa = XCBuildConfiguration;
			buildSettings = {
				ASSETCATALOG_COMPILER_APPICON_NAME = AppIcon;
				INFOPLIST_FILE = "Emoji Dictionary Udemy App 4/Info.plist";
				LD_RUNPATH_SEARCH_PATHS = "$(inherited) @executable_path/Frameworks";
				PRODUCT_BUNDLE_IDENTIFIER = "com.udemy.Emoji-Dictionary-Udemy-App-4";
				PRODUCT_NAME = "$(TARGET_NAME)";
				SWIFT_VERSION = 3.0;
			};
			name = Debug;
		};
		C63F2C531E4ECBAE000476BA /* Release */ = {
			isa = XCBuildConfiguration;
			buildSettings = {
				ASSETCATALOG_COMPILER_APPICON_NAME = AppIcon;
				INFOPLIST_FILE = "Emoji Dictionary Udemy App 4/Info.plist";
				LD_RUNPATH_SEARCH_PATHS = "$(inherited) @executable_path/Frameworks";
				PRODUCT_BUNDLE_IDENTIFIER = "com.udemy.Emoji-Dictionary-Udemy-App-4";
				PRODUCT_NAME = "$(TARGET_NAME)";
				SWIFT_VERSION = 3.0;
			};
			name = Release;
		};
/* End XCBuildConfiguration section */

/* Begin XCConfigurationList section */
		C63F2C3A1E4ECBAE000476BA /* Build configuration list for PBXProject "Emoji Dictionary Udemy App 4" */ = {
			isa = XCConfigurationList;
			buildConfigurations = (
				C63F2C4F1E4ECBAE000476BA /* Debug */,
				C63F2C501E4ECBAE000476BA /* Release */,
			);
			defaultConfigurationIsVisible = 0;
			defaultConfigurationName = Release;
		};
		C63F2C511E4ECBAE000476BA /* Build configuration list for PBXNativeTarget "Emoji Dictionary Udemy App 4" */ = {
			isa = XCConfigurationList;
			buildConfigurations = (
				C63F2C521E4ECBAE000476BA /* Debug */,
				C63F2C531E4ECBAE000476BA /* Release */,
			);
			defaultConfigurationIsVisible = 0;
		};
/* End XCConfigurationList section */
	};
	rootObject = C63F2C371E4ECBAE000476BA /* Project object */;
}
